
Microsoft Visual Studio Solution File, Format Version 12.00
# Visual Studio 15
Project("{FAE04EC0-301F-11D3-BF4B-00C04F79EFBC}") = "UserCreation", "UserCreation\UserCreation.csproj", "{EFD86CEF-132D-4D5A-AE06-ABCA430308A0}"
EndProject
Global
	GlobalSection(SolutionConfigurationPlatforms) = preSolution
		Debug|iPhoneSimulator = Debug|iPhoneSimulator
		Release|iPhoneSimulator = Release|iPhoneSimulator
		Debug|iPhone = Debug|iPhone
		Release|iPhone = Release|iPhone
	EndGlobalSection
	GlobalSection(ProjectConfigurationPlatforms) = postSolution
		{EFD86CEF-132D-4D5A-AE06-ABCA430308A0}.Debug|iPhoneSimulator.ActiveCfg = Debug|iPhoneSimulator
		{EFD86CEF-132D-4D5A-AE06-ABCA430308A0}.Debug|iPhoneSimulator.Build.0 = Debug|iPhoneSimulator
		{EFD86CEF-132D-4D5A-AE06-ABCA430308A0}.Release|iPhoneSimulator.ActiveCfg = Release|iPhoneSimulator
		{EFD86CEF-132D-4D5A-AE06-ABCA430308A0}.Release|iPhoneSimulator.Build.0 = Release|iPhoneSimulator
		{EFD86CEF-132D-4D5A-AE06-ABCA430308A0}.Debug|iPhone.ActiveCfg = Debug|iPhone
		{EFD86CEF-132D-4D5A-AE06-ABCA430308A0}.Debug|iPhone.Build.0 = Debug|iPhone
		{EFD86CEF-132D-4D5A-AE06-ABCA430308A0}.Release|iPhone.ActiveCfg = Release|iPhone
		{EFD86CEF-132D-4D5A-AE06-ABCA430308A0}.Release|iPhone.Build.0 = Release|iPhone
	EndGlobalSection
EndGlobal
